
Microsoft Visual Studio Solution File, Format Version 12.00
# Visual Studio 2013
VisualStudioVersion = 12.0.31101.0
MinimumVisualStudioVersion = 10.0.40219.1
Project("{FAE04EC0-301F-11D3-BF4B-00C04F79EFBC}") = "Thoughtpost.Azure", "Thoughtpost.Azure\Thoughtpost.Azure.csproj", "{58F0D0CF-3788-4587-891C-9810AB6F76C1}"
EndProject
Project("{FAE04EC0-301F-11D3-BF4B-00C04F79EFBC}") = "AzureBitsTest", "AzureBitsTest\AzureBitsTest.csproj", "{585802B9-93FD-4820-84ED-C882BDB5D02C}"
EndProject
Project("{CC5FD16D-436D-48AD-A40C-5A424C6E3E79}") = "SparkCloud", "SparkCloud\SparkCloud.ccproj", "{F2245D5C-BA1E-4EC2-A9B7-5F70FFDCB45B}"
EndProject
Project("{FAE04EC0-301F-11D3-BF4B-00C04F79EFBC}") = "SparkWorkerRole", "SparkWorkerRole\SparkWorkerRole.csproj", "{22098A12-1F7B-4C1B-BFF6-C48413CF092C}"
EndProject
Global
	GlobalSection(SolutionConfigurationPlatforms) = preSolution
		Debug|Any CPU = Debug|Any CPU
		Release|Any CPU = Release|Any CPU
	EndGlobalSection
	GlobalSection(ProjectConfigurationPlatforms) = postSolution
		{58F0D0CF-3788-4587-891C-9810AB6F76C1}.Debug|Any CPU.ActiveCfg = Debug|Any CPU
		{58F0D0CF-3788-4587-891C-9810AB6F76C1}.Debug|Any CPU.Build.0 = Debug|Any CPU
		{58F0D0CF-3788-4587-891C-9810AB6F76C1}.Release|Any CPU.ActiveCfg = Release|Any CPU
		{58F0D0CF-3788-4587-891C-9810AB6F76C1}.Release|Any CPU.Build.0 = Release|Any CPU
		{585802B9-93FD-4820-84ED-C882BDB5D02C}.Debug|Any CPU.ActiveCfg = Debug|Any CPU
		{585802B9-93FD-4820-84ED-C882BDB5D02C}.Debug|Any CPU.Build.0 = Debug|Any CPU
		{585802B9-93FD-4820-84ED-C882BDB5D02C}.Release|Any CPU.ActiveCfg = Release|Any CPU
		{585802B9-93FD-4820-84ED-C882BDB5D02C}.Release|Any CPU.Build.0 = Release|Any CPU
		{F2245D5C-BA1E-4EC2-A9B7-5F70FFDCB45B}.Debug|Any CPU.ActiveCfg = Debug|Any CPU
		{F2245D5C-BA1E-4EC2-A9B7-5F70FFDCB45B}.Debug|Any CPU.Build.0 = Debug|Any CPU
		{F2245D5C-BA1E-4EC2-A9B7-5F70FFDCB45B}.Release|Any CPU.ActiveCfg = Release|Any CPU
		{F2245D5C-BA1E-4EC2-A9B7-5F70FFDCB45B}.Release|Any CPU.Build.0 = Release|Any CPU
		{22098A12-1F7B-4C1B-BFF6-C48413CF092C}.Debug|Any CPU.ActiveCfg = Debug|Any CPU
		{22098A12-1F7B-4C1B-BFF6-C48413CF092C}.Debug|Any CPU.Build.0 = Debug|Any CPU
		{22098A12-1F7B-4C1B-BFF6-C48413CF092C}.Release|Any CPU.ActiveCfg = Release|Any CPU
		{22098A12-1F7B-4C1B-BFF6-C48413CF092C}.Release|Any CPU.Build.0 = Release|Any CPU
	EndGlobalSection
	GlobalSection(SolutionProperties) = preSolution
		HideSolutionNode = FALSE
	EndGlobalSection
EndGlobal
